# THIS IS AN AUTOGENERATED FILE. DO NOT EDIT THIS FILE DIRECTLY.
# yarn lockfile v1


"@prismicio/helpers@^1.0.4":
  version "1.0.5"
  resolved "https://registry.yarnpkg.com/@prismicio/helpers/-/helpers-1.0.5.tgz#2be60a1b44e6c33d7918fa74fe67648dc8af0c15"
  integrity sha512-TPpuAFHNxlCTrEihHnRKcq6zc0oZV0sfz5/iHoSpl5vorwPbwZWiF88JGeflNdefW4A69b5A3x3mfptKPdpoxg==

"@prismicio/richtext@^1.1.0":
  version "1.1.0"
  resolved "https://registry.yarnpkg.com/@prismicio/richtext/-/richtext-1.1.0.tgz#c8769c3d953ae42854a2aba951e3b2121682b8c7"
  integrity sha512-925JuFiZiIkwu9jmlR9O/U8xCSZk/Y6BQDXKpavoVsKo+n90ml1hGdtWkglIupX+ITQO1ZINyDgUgiY1oG9dsA==

"@types/prismic-dom@^2.1.1":
  version "2.1.1"
  resolved "https://registry.yarnpkg.com/@types/prismic-dom/-/prismic-dom-2.1.1.tgz#964f4699a3068721627674d12a0689e457e9065c"
  integrity sha512-gZSFBARo4vFnpclOq2DzU9t4wikVsZ0+lL4hXaRoeUJinhGSK+nMERcZJgXglK/+QRcw3HBPbGJzgzTqQGSuNw==

escape-html@1.0.3:
  version "1.0.3"
  resolved "https://registry.yarnpkg.com/escape-html/-/escape-html-1.0.3.tgz#0258eae4d3d0c0974de1c169188ef0051d1d1988"
  integrity sha1-Aljq5NPQwJdN4cFpGI7wBR0dGYg=

prismic-dom@^2.2.5:
  version "2.2.5"
  resolved "https://registry.yarnpkg.com/prismic-dom/-/prismic-dom-2.2.5.tgz#0aaa41c436d95c0126af971a053d2ef803b7937b"
  integrity sha512-GafsY6sGet5EAWNG2w/qXaxgitU74yhEu/0vZEnwOt6PJgCClLmMkDzJHBpdl+wuEWqUhvkFMDUFPHSPwSVmKQ==
  dependencies:
    "@prismicio/helpers" "^1.0.4"
    "@prismicio/richtext" "^1.1.0"
    escape-html "1.0.3"
